<?xml version="1.0" encoding="utf-8"?>
<Project ToolsVersion="4.0" xmlns="http://schemas.microsoft.com/developer/msbuild/2003">
  <ItemGroup>
    <Filter Include="Source Files">
      <UniqueIdentifier>{4FC737F1-C7A5-4376-A066-2A32D752A2FF}</UniqueIdentifier>
      <Extensions>cpp;c;cc;cxx;def;odl;idl;hpj;bat;asm;asmx</Extensions>
    </Filter>
    <Filter Include="Header Files">
      <UniqueIdentifier>{93995380-89BD-4b04-88EB-625FBE52EBFB}</UniqueIdentifier>
      <Extensions>h;hpp;hxx;hm;inl;inc;xsd</Extensions>
    </Filter>
    <Filter Include="Resource Files">
      <UniqueIdentifier>{67DA6AB6-F800-4c08-8B7A-83BB121AAD01}</UniqueIdentifier>
      <Extensions>rc;ico;cur;bmp;dlg;rc2;rct;bin;rgs;gif;jpg;jpeg;jpe;resx;tiff;tif;png;wav;mfcribbon-ms</Extensions>
    </Filter>
  </ItemGroup>
  <ItemGroup>
    <Text Include="ReadMe.txt" />
  </ItemGroup>
  <ItemGroup>
    <ClCompile Include="src\http\client\http_msg_client.cpp">
      <Filter>Source Files</Filter>
    </ClCompile>
    <ClCompile Include="src\http\client\http_win7.cpp">
      <Filter>Source Files</Filter>
    </ClCompile>
    <ClCompile Include="src\http\common\http_helpers.cpp">
      <Filter>Source Files</Filter>
    </ClCompile>
    <ClCompile Include="src\http\common\http_msg.cpp">
      <Filter>Source Files</Filter>
    </ClCompile>
    <ClCompile Include="src\http\listener\http_listener.cpp">
      <Filter>Source Files</Filter>
    </ClCompile>
    <ClCompile Include="src\http\listener\http_msg_listen.cpp">
      <Filter>Source Files</Filter>
    </ClCompile>
    <ClCompile Include="src\http\listener\http_server_api.cpp">
      <Filter>Source Files</Filter>
    </ClCompile>
    <ClCompile Include="src\http\listener\http_windows_server.cpp">
      <Filter>Source Files</Filter>
    </ClCompile>
    <ClCompile Include="src\http\logging\log.cpp">
      <Filter>Source Files</Filter>
    </ClCompile>
    <ClCompile Include="src\http\uri\uri.cpp">
      <Filter>Source Files</Filter>
    </ClCompile>
    <ClCompile Include="src\http\uri\uri_builder.cpp">
      <Filter>Source Files</Filter>
    </ClCompile>
    <ClCompile Include="src\http\uri\uri_parser.cpp">
      <Filter>Source Files</Filter>
    </ClCompile>
    <ClCompile Include="src\json\json.cpp">
      <Filter>Source Files</Filter>
    </ClCompile>
    <ClCompile Include="src\pplx\pplx.cpp">
      <Filter>Source Files</Filter>
    </ClCompile>
    <ClCompile Include="src\pplx\windows\pplxwin.cpp">
      <Filter>Source Files</Filter>
    </ClCompile>
    <ClCompile Include="src\pch\stdafx.cpp">
      <Filter>Source Files</Filter>
    </ClCompile>
    <ClCompile Include="src\streams\windows\fileio.cpp">
      <Filter>Source Files</Filter>
    </ClCompile>
    <ClCompile Include="src\streams\windows\ioscheduler.cpp">
      <Filter>Source Files</Filter>
    </ClCompile>
    <ClCompile Include="src\utilities\asyncrt_utils.cpp">
      <Filter>Source Files</Filter>
    </ClCompile>
    <ClCompile Include="src\utilities\base64.cpp">
      <Filter>Source Files</Filter>
    </ClCompile>
  </ItemGroup>
</Project>