
Microsoft Visual Studio Solution File, Format Version 12.00
# Visual Studio 2012
Project("{8BC9CEB8-8B4A-11D0-8D11-00A0C91BC942}") = "CogMon", "CogMon.vcxproj", "{A99A16E0-2393-460B-861C-F9E3215659BF}"
	ProjectSection(ProjectDependencies) = postProject
		{D5E0C500-1E8F-4316-90D9-7D77F4E90C17} = {D5E0C500-1E8F-4316-90D9-7D77F4E90C17}
	EndProjectSection
EndProject
Project("{8BC9CEB8-8B4A-11D0-8D11-00A0C91BC942}") = "Casablanca", "..\Casablanca\Casablanca.vcxproj", "{D5E0C500-1E8F-4316-90D9-7D77F4E90C17}"
EndProject
Global
	GlobalSection(SolutionConfigurationPlatforms) = preSolution
		Debug|x64 = Debug|x64
		Release|x64 = Release|x64
	EndGlobalSection
	GlobalSection(ProjectConfigurationPlatforms) = postSolution
		{A99A16E0-2393-460B-861C-F9E3215659BF}.Debug|x64.ActiveCfg = Debug|x64
		{A99A16E0-2393-460B-861C-F9E3215659BF}.Debug|x64.Build.0 = Debug|x64
		{A99A16E0-2393-460B-861C-F9E3215659BF}.Release|x64.ActiveCfg = Release|x64
		{A99A16E0-2393-460B-861C-F9E3215659BF}.Release|x64.Build.0 = Release|x64
		{D5E0C500-1E8F-4316-90D9-7D77F4E90C17}.Debug|x64.ActiveCfg = Debug|x64
		{D5E0C500-1E8F-4316-90D9-7D77F4E90C17}.Debug|x64.Build.0 = Debug|x64
		{D5E0C500-1E8F-4316-90D9-7D77F4E90C17}.Release|x64.ActiveCfg = Release|x64
		{D5E0C500-1E8F-4316-90D9-7D77F4E90C17}.Release|x64.Build.0 = Release|x64
	EndGlobalSection
	GlobalSection(SolutionProperties) = preSolution
		HideSolutionNode = FALSE
	EndGlobalSection
EndGlobal
